{"projectHash":"5ce998c77486b94bbc41dace90d3cfa01e948720","productModuleName":"MashUp_iOSTests","mockedTypeNames":["\/Users\/user\/Downloads\/mashup-ios\/MashUp-iOS\/MashUp-iOSTests\/MashUp_iOSTests.swift",[],"\/Users\/user\/Downloads\/mashup-ios\/MashUp-iOS\/MashUp-iOSTests\/Specs\/QRScannReactorSpec.swift",["AttendanceService","QRReaderService"],"\/Users\/user\/Downloads\/mashup-ios\/MashUp-iOS\/MashUp-iOSTests\/TestAppDelegate.swift",[]],"cliVersion":"0.20.0","sourceFilePaths":[{"path":"\/Users\/user\/Downloads\/mashup-ios\/MashUp-iOS\/MashUp-iOSTests\/MashUp_iOSTests.swift","hash":"6a45599436288165cce4c5eb6d14d48ba0e6a0b4"},{"path":"\/Users\/user\/Downloads\/mashup-ios\/MashUp-iOS\/MashUp-iOSTests\/Specs\/QRScannReactorSpec.swift","hash":"37f90d2247666bd9a5601e83898de335ba7bb9c0"},{"path":"\/Users\/user\/Downloads\/mashup-ios\/MashUp-iOS\/MashUp-iOSTests\/TestAppDelegate.swift","hash":"fd9ad0c569727c8ff561eac6feda3be712780d68"},{"path":"\/Users\/user\/Downloads\/mashup-ios\/MashUp-iOS\/MockingbirdMocks\/MashUp_iOSTests-Mock.generated.swift","hash":"de0677f42b2955caa9cbe0abec7575087c5e9016"}],"sourceRoot":"\/Users\/user\/Downloads\/mashup-ios\/MashUp-iOS","dependencies":[],"name":"MashUp-iOSTests"}