{"cliVersion":"0.20.0","productModuleName":"MashUp_iOS","sourceFilePaths":[{"path":"\/Users\/user\/Downloads\/mashup-ios\/MashUp-iOS\/MashUp-iOS\/Source\/App\/AppDelegate.swift","hash":"76c722dbe220e1656c78092e395590515c8b8c18"},{"path":"\/Users\/user\/Downloads\/mashup-ios\/MashUp-iOS\/MashUp-iOS\/Source\/App\/main.swift","hash":"3c3f33e0c9c1daf70c75c78fc59d9303fb3a9263"},{"path":"\/Users\/user\/Downloads\/mashup-ios\/MashUp-iOS\/MashUp-iOS\/Source\/Common\/Rx\/ViewContorller+Rx.swift","hash":"fdf7325f73140e09ee76a5070421a7b8f926a8ed"},{"path":"\/Users\/user\/Downloads\/mashup-ios\/MashUp-iOS\/MashUp-iOS\/Source\/Domain\/Attencance\/AttendanceService.swift","hash":"689c12be473f74461e33c92f0999c68f796d0751"},{"path":"\/Users\/user\/Downloads\/mashup-ios\/MashUp-iOS\/MashUp-iOS\/Source\/Domain\/Attencance\/FakeAttendanceService.swift","hash":"77e2bbc7dd5e4edd45b0b7b174858f9ac8a5f901"},{"path":"\/Users\/user\/Downloads\/mashup-ios\/MashUp-iOS\/MashUp-iOS\/Source\/Domain\/QR\/QRReaderService.swift","hash":"53839fe3d6e903c7791fe2d6f1a0dafcd48504aa"},{"path":"\/Users\/user\/Downloads\/mashup-ios\/MashUp-iOS\/MashUp-iOS\/Source\/Network\/API\/MashUpAPI.swift","hash":"e0cbd3f645aa5fa8a00c9a65fce83288193044ad"},{"path":"\/Users\/user\/Downloads\/mashup-ios\/MashUp-iOS\/MashUp-iOS\/Source\/Network\/HTTPClient.swift","hash":"a8d954eaaf889e2930b6c39f5de33ca140aec711"},{"path":"\/Users\/user\/Downloads\/mashup-ios\/MashUp-iOS\/MashUp-iOS\/Source\/Network\/Model\/ResponseModel.swift","hash":"11a6332cce30f27ed63189f7dfc424e373c99865"},{"path":"\/Users\/user\/Downloads\/mashup-ios\/MashUp-iOS\/MashUp-iOS\/Source\/Network\/NetworkConfig.swift","hash":"b8455049db34c43fca0f8b2e298030840a637e2d"},{"path":"\/Users\/user\/Downloads\/mashup-ios\/MashUp-iOS\/MashUp-iOS\/Source\/Screen\/QRScan\/QRScanReactor.swift","hash":"f6e03de682e9edffd284dd468ddd9b0480604a70"},{"path":"\/Users\/user\/Downloads\/mashup-ios\/MashUp-iOS\/MashUp-iOS\/Source\/Screen\/QRScan\/QRScanViewController.swift","hash":"9f084397f10455bb3dafa9ba0032fca145d69e20"}],"configHash":"442b07ac7e9834273e387bb58f130e7228bf299a","dependencyPathsHash":"da39a3ee5e6b4b0d3255bfef95601890afd80709","targetPathsHash":"bcfae719e01ab9fefc04f7d0a6d285c684d1d71f","mockedTypesHash":"491082ed6f6ea475376a40720308b0125fd769e0","outputHash":"de0677f42b2955caa9cbe0abec7575087c5e9016","dependencies":[],"sourceRoot":"\/Users\/user\/Downloads\/mashup-ios\/MashUp-iOS","supportingFilePaths":[],"name":"MashUp-iOS","projectHash":"f1c37e04aa79af2f0bddea50e820b6a5debcb1c9"}