{"projectHash":"f1c37e04aa79af2f0bddea50e820b6a5debcb1c9","productModuleName":"MashUp_iOSTests","mockedTypeNames":["\/Users\/user\/Downloads\/mashup-ios\/MashUp-iOS\/MashUp-iOSTests\/Specs\/QRScanReactorSpec.swift",["QRReaderService","AttendanceService"],"\/Users\/user\/Downloads\/mashup-ios\/MashUp-iOS\/MashUp-iOSTests\/TestAppDelegate.swift",[]],"cliVersion":"0.20.0","sourceFilePaths":[{"path":"\/Users\/user\/Downloads\/mashup-ios\/MashUp-iOS\/MashUp-iOSTests\/Specs\/QRScanReactorSpec.swift","hash":"938c7cc8341dacfac7a1a08dc03465bfd7895cc4"},{"path":"\/Users\/user\/Downloads\/mashup-ios\/MashUp-iOS\/MashUp-iOSTests\/TestAppDelegate.swift","hash":"fd9ad0c569727c8ff561eac6feda3be712780d68"},{"path":"\/Users\/user\/Downloads\/mashup-ios\/MashUp-iOS\/MockingbirdMocks\/MashUp_iOSTests-Mock.generated.swift","hash":"9a4e5318ed6bb84bae11d0296ea175553451e107"}],"sourceRoot":"\/Users\/user\/Downloads\/mashup-ios\/MashUp-iOS","dependencies":[],"name":"MashUp-iOSTests"}