{"projectHash":"f1c37e04aa79af2f0bddea50e820b6a5debcb1c9","productModuleName":"MashUp_iOSTests","mockedTypeNames":["\/Users\/user\/Downloads\/mashup-ios\/MashUp-iOS\/MashUp-iOSTests\/TestAppDelegate.swift",[],"\/Users\/user\/Downloads\/mashup-ios\/MashUp-iOS\/MashUp-iOSTests\/Specs\/QRScanReactorSpec.swift",["AttendanceService","QRReaderService"]],"cliVersion":"0.20.0","sourceFilePaths":[{"path":"\/Users\/user\/Downloads\/mashup-ios\/MashUp-iOS\/MashUp-iOSTests\/Specs\/QRScanReactorSpec.swift","hash":"aa2d585587003d8b399fb96809934ac0e2f14831"},{"path":"\/Users\/user\/Downloads\/mashup-ios\/MashUp-iOS\/MashUp-iOSTests\/TestAppDelegate.swift","hash":"fd9ad0c569727c8ff561eac6feda3be712780d68"},{"path":"\/Users\/user\/Downloads\/mashup-ios\/MashUp-iOS\/MockingbirdMocks\/MashUp_iOSTests-Mock.generated.swift","hash":"de0677f42b2955caa9cbe0abec7575087c5e9016"}],"sourceRoot":"\/Users\/user\/Downloads\/mashup-ios\/MashUp-iOS","dependencies":[],"name":"MashUp-iOSTests"}